<?xml version="1.0" encoding="utf-8"?>
<Project ToolsVersion="4.0" xmlns="http://schemas.microsoft.com/developer/msbuild/2003">
  <ItemGroup>
    <Filter Include="源文件">
      <UniqueIdentifier>{4FC737F1-C7A5-4376-A066-2A32D752A2FF}</UniqueIdentifier>
      <Extensions>cpp;c;cc;cxx;def;odl;idl;hpj;bat;asm;asmx</Extensions>
    </Filter>
    <Filter Include="头文件">
      <UniqueIdentifier>{93995380-89BD-4b04-88EB-625FBE52EBFB}</UniqueIdentifier>
      <Extensions>h;hh;hpp;hxx;hm;inl;inc;xsd</Extensions>
    </Filter>
    <Filter Include="资源文件">
      <UniqueIdentifier>{67DA6AB6-F800-4c08-8B7A-83BB121AAD01}</UniqueIdentifier>
      <Extensions>rc;ico;cur;bmp;dlg;rc2;rct;bin;rgs;gif;jpg;jpeg;jpe;resx;tiff;tif;png;wav;mfcribbon-ms</Extensions>
    </Filter>
  </ItemGroup>
  <ItemGroup>
    <ClCompile Include="testMain.cpp">
      <Filter>源文件</Filter>
    </ClCompile>
    <ClCompile Include="Core\EngineCore.cpp">
      <Filter>源文件</Filter>
    </ClCompile>
    <ClCompile Include="Core\Timer.cpp">
      <Filter>源文件</Filter>
    </ClCompile>
    <ClCompile Include="Platform\Windows\WindowsMessageHandle.cpp">
      <Filter>源文件</Filter>
    </ClCompile>
    <ClCompile Include="Platform\Windows\WindowsWindowHandle.cpp">
      <Filter>源文件</Filter>
    </ClCompile>
    <ClCompile Include="Platform\Platform.cpp">
      <Filter>源文件</Filter>
    </ClCompile>
    <ClCompile Include="Rendering\RenderingAdapter.cpp">
      <Filter>源文件</Filter>
    </ClCompile>
    <ClCompile Include="Rendering\DirectX\DirectXRenderingManager.cpp">
      <Filter>源文件</Filter>
    </ClCompile>
    <ClCompile Include="Rendering\DirectX\DirectXRenderingPipe.cpp">
      <Filter>源文件</Filter>
    </ClCompile>
    <ClCompile Include="Rendering\RenderData.cpp">
      <Filter>源文件</Filter>
    </ClCompile>
    <ClCompile Include="Rendering\PipeView.cpp">
      <Filter>源文件</Filter>
    </ClCompile>
    <ClCompile Include="Utils\Math\MathHelper.cpp">
      <Filter>源文件</Filter>
    </ClCompile>
    <ClCompile Include="Rendering\DynamicRenderData.cpp">
      <Filter>源文件</Filter>
    </ClCompile>
    <ClCompile Include="Logic\LogicAdapter.cpp">
      <Filter>源文件</Filter>
    </ClCompile>
    <ClCompile Include="Resources\Geometry\GeometryGenerator.cpp">
      <Filter>源文件</Filter>
    </ClCompile>
    <ClCompile Include="Logic\LogicData.cpp">
      <Filter>源文件</Filter>
    </ClCompile>
    <ClCompile Include="Engine\Engine.cpp">
      <Filter>源文件</Filter>
    </ClCompile>
    <ClCompile Include="Engine\Gameplay\Actor.cpp">
      <Filter>源文件</Filter>
    </ClCompile>
    <ClCompile Include="Engine\Gameplay\Level.cpp">
      <Filter>源文件</Filter>
    </ClCompile>
    <ClCompile Include="Engine\Gameplay\Components\StaticMeshComponent.cpp">
      <Filter>源文件</Filter>
    </ClCompile>
    <ClCompile Include="Engine\Gameplay\Components\DynamicMeshComponent.cpp">
      <Filter>源文件</Filter>
    </ClCompile>
    <ClCompile Include="Engine\Gameplay\Components\ActorComponent.cpp">
      <Filter>源文件</Filter>
    </ClCompile>
    <ClCompile Include="Source\MyActor.cpp">
      <Filter>源文件</Filter>
    </ClCompile>
    <ClCompile Include="Engine\Gameplay\Components\Component.cpp">
      <Filter>源文件</Filter>
    </ClCompile>
    <ClCompile Include="Engine\Gameplay\Planet.cpp">
      <Filter>源文件</Filter>
    </ClCompile>
    <ClCompile Include="Engine\Gameplay\Components\CameraComponent.cpp">
      <Filter>源文件</Filter>
    </ClCompile>
    <ClCompile Include="Engine\Gameplay\Camera.cpp">
      <Filter>源文件</Filter>
    </ClCompile>
    <ClCompile Include="Engine\Gameplay\Components\EventComponent.cpp">
      <Filter>源文件</Filter>
    </ClCompile>
    <ClCompile Include="Core\MessageProc.cpp">
      <Filter>源文件</Filter>
    </ClCompile>
    <ClCompile Include="Source\Cha.cpp">
      <Filter>源文件</Filter>
    </ClCompile>
    <ClCompile Include="Rendering\DirectX\DirectXDeferredPipe.cpp">
      <Filter>源文件</Filter>
    </ClCompile>
  </ItemGroup>
  <ItemGroup>
    <ClInclude Include="Core\EngineCore.h">
      <Filter>头文件</Filter>
    </ClInclude>
    <ClInclude Include="Core\Timer.h">
      <Filter>头文件</Filter>
    </ClInclude>
    <ClInclude Include="Utils\Common\UtilBasic.h">
      <Filter>头文件</Filter>
    </ClInclude>
    <ClInclude Include="Platform\PlatformMsgHandle.h">
      <Filter>头文件</Filter>
    </ClInclude>
    <ClInclude Include="Platform\Windows\WindowsMessageHandle.h">
      <Filter>头文件</Filter>
    </ClInclude>
    <ClInclude Include="Platform\PlatformMessage.h">
      <Filter>头文件</Filter>
    </ClInclude>
    <ClInclude Include="Platform\PlatformWindowHandle.h">
      <Filter>头文件</Filter>
    </ClInclude>
    <ClInclude Include="Platform\PlatformWindow.h">
      <Filter>头文件</Filter>
    </ClInclude>
    <ClInclude Include="Platform\Windows\WindowsWindowHandle.h">
      <Filter>头文件</Filter>
    </ClInclude>
    <ClInclude Include="Platform\PlatformConfig.h">
      <Filter>头文件</Filter>
    </ClInclude>
    <ClInclude Include="Platform\Platform.h">
      <Filter>头文件</Filter>
    </ClInclude>
    <ClInclude Include="Platform\Message.h">
      <Filter>头文件</Filter>
    </ClInclude>
    <ClInclude Include="Rendering\RenderingAdapter.h">
      <Filter>头文件</Filter>
    </ClInclude>
    <ClInclude Include="Rendering\RenderingManager.h">
      <Filter>头文件</Filter>
    </ClInclude>
    <ClInclude Include="Rendering\RenderingPipe.h">
      <Filter>头文件</Filter>
    </ClInclude>
    <ClInclude Include="Rendering\DirectX\DirectXRenderingManager.h">
      <Filter>头文件</Filter>
    </ClInclude>
    <ClInclude Include="Rendering\DirectX\DirectXRenderingPipe.h">
      <Filter>头文件</Filter>
    </ClInclude>
    <ClInclude Include="Utils\Common\d3dx11effect.h">
      <Filter>头文件</Filter>
    </ClInclude>
    <ClInclude Include="Rendering\PlatformDependenceRenderResource.h">
      <Filter>头文件</Filter>
    </ClInclude>
    <ClInclude Include="Rendering\DirectX\FXHelper.h">
      <Filter>头文件</Filter>
    </ClInclude>
    <ClInclude Include="Rendering\DirectX\RenderingDef.h">
      <Filter>头文件</Filter>
    </ClInclude>
    <ClInclude Include="Rendering\PDRenderingDef.h">
      <Filter>头文件</Filter>
    </ClInclude>
    <ClInclude Include="Rendering\RenderData.h">
      <Filter>头文件</Filter>
    </ClInclude>
    <ClInclude Include="Rendering\PipeView.h">
      <Filter>头文件</Filter>
    </ClInclude>
    <ClInclude Include="Utils\Math\MathHelper.h">
      <Filter>头文件</Filter>
    </ClInclude>
    <ClInclude Include="Rendering\DynamicRenderData.h">
      <Filter>头文件</Filter>
    </ClInclude>
    <ClInclude Include="Rendering\LightingGroup.h">
      <Filter>头文件</Filter>
    </ClInclude>
    <ClInclude Include="Logic\LogicAdapter.h">
      <Filter>头文件</Filter>
    </ClInclude>
    <ClInclude Include="Resources\Geometry\GeometryGenerator.h">
      <Filter>头文件</Filter>
    </ClInclude>
    <ClInclude Include="Logic\LogicData.h">
      <Filter>头文件</Filter>
    </ClInclude>
    <ClInclude Include="Engine\Engine.h">
      <Filter>头文件</Filter>
    </ClInclude>
    <ClInclude Include="Engine\Gameplay\Actor.h">
      <Filter>头文件</Filter>
    </ClInclude>
    <ClInclude Include="Engine\Gameplay\Level.h">
      <Filter>头文件</Filter>
    </ClInclude>
    <ClInclude Include="Engine\Gameplay\Components\StaticMeshComponent.h">
      <Filter>头文件</Filter>
    </ClInclude>
    <ClInclude Include="Engine\Gameplay\Components\DynamicMeshComponent.h">
      <Filter>头文件</Filter>
    </ClInclude>
    <ClInclude Include="Engine\Gameplay\Components\Component.h">
      <Filter>头文件</Filter>
    </ClInclude>
    <ClInclude Include="Engine\Gameplay\Components\ActorComponent.h">
      <Filter>头文件</Filter>
    </ClInclude>
    <ClInclude Include="Source\MyActor.h">
      <Filter>头文件</Filter>
    </ClInclude>
    <ClInclude Include="Rendering\RenderPipeType.h">
      <Filter>头文件</Filter>
    </ClInclude>
    <ClInclude Include="Engine\Gameplay\Planet.h">
      <Filter>头文件</Filter>
    </ClInclude>
    <ClInclude Include="Engine\Gameplay\Components\CameraComponent.h">
      <Filter>头文件</Filter>
    </ClInclude>
    <ClInclude Include="Core\SphereSpace.h">
      <Filter>头文件</Filter>
    </ClInclude>
    <ClInclude Include="Core\VectorSpace.h">
      <Filter>头文件</Filter>
    </ClInclude>
    <ClInclude Include="Utils\Math\MathDef.h">
      <Filter>头文件</Filter>
    </ClInclude>
    <ClInclude Include="Core\BasicSpace.h">
      <Filter>头文件</Filter>
    </ClInclude>
    <ClInclude Include="Engine\Gameplay\Camera.h">
      <Filter>头文件</Filter>
    </ClInclude>
    <ClInclude Include="Engine\Gameplay\Components\EventComponent.h">
      <Filter>头文件</Filter>
    </ClInclude>
    <ClInclude Include="Core\MessagePriority.h">
      <Filter>头文件</Filter>
    </ClInclude>
    <ClInclude Include="Core\MessageProc.h">
      <Filter>头文件</Filter>
    </ClInclude>
    <ClInclude Include="Source\Cha.h">
      <Filter>头文件</Filter>
    </ClInclude>
    <ClInclude Include="Rendering\DirectX\DirectXDeferredPipe.h">
      <Filter>头文件</Filter>
    </ClInclude>
    <ClInclude Include="Utils\Common\DirectXTex.h">
      <Filter>头文件</Filter>
    </ClInclude>
    <ClInclude Include="Resources\Geometry\Geometry.h">
      <Filter>头文件</Filter>
    </ClInclude>
    <ClInclude Include="Resources\Geometry\VertexTypes.h">
      <Filter>头文件</Filter>
    </ClInclude>
  </ItemGroup>
  <ItemGroup>
    <CustomBuild Include="Rendering\DirectX\FX\basic.fx" />
    <CustomBuild Include="Rendering\DirectX\FX\deferred.fx" />
  </ItemGroup>
  <ItemGroup>
    <Library Include="DirectXTex.lib" />
    <Library Include="DirectXTK.lib" />
    <Library Include="Effects11.lib" />
    <Library Include="Effects11d.lib" />
  </ItemGroup>
  <ItemGroup>
    <None Include="Utils\Common\DirectXTex.inl">
      <Filter>头文件</Filter>
    </None>
    <None Include="Resources\Geometry\TeapotData.inc">
      <Filter>头文件</Filter>
    </None>
  </ItemGroup>
</Project>