<?xml version="1.0" encoding="utf-8"?>
<Project ToolsVersion="4.0" xmlns="http://schemas.microsoft.com/developer/msbuild/2003">
  <ItemGroup>
    <Filter Include="源文件">
      <UniqueIdentifier>{4FC737F1-C7A5-4376-A066-2A32D752A2FF}</UniqueIdentifier>
      <Extensions>cpp;c;cc;cxx;def;odl;idl;hpj;bat;asm;asmx</Extensions>
    </Filter>
    <Filter Include="头文件">
      <UniqueIdentifier>{93995380-89BD-4b04-88EB-625FBE52EBFB}</UniqueIdentifier>
      <Extensions>h;hh;hpp;hxx;hm;inl;inc;xsd</Extensions>
    </Filter>
    <Filter Include="资源文件">
      <UniqueIdentifier>{67DA6AB6-F800-4c08-8B7A-83BB121AAD01}</UniqueIdentifier>
      <Extensions>rc;ico;cur;bmp;dlg;rc2;rct;bin;rgs;gif;jpg;jpeg;jpe;resx;tiff;tif;png;wav;mfcribbon-ms</Extensions>
    </Filter>
  </ItemGroup>
  <ItemGroup>
    <ClCompile Include="testMain.cpp">
      <Filter>源文件</Filter>
    </ClCompile>
    <ClCompile Include="Core\EngineCore.cpp">
      <Filter>源文件</Filter>
    </ClCompile>
    <ClCompile Include="Core\Timer.cpp">
      <Filter>源文件</Filter>
    </ClCompile>
    <ClCompile Include="Platform\Windows\WindowsMessageHandle.cpp">
      <Filter>源文件</Filter>
    </ClCompile>
    <ClCompile Include="Platform\Windows\WindowsWindowHandle.cpp">
      <Filter>源文件</Filter>
    </ClCompile>
    <ClCompile Include="Platform\Platform.cpp">
      <Filter>源文件</Filter>
    </ClCompile>
    <ClCompile Include="Rendering\RenderingAdapter.cpp">
      <Filter>源文件</Filter>
    </ClCompile>
    <ClCompile Include="Rendering\DirectX\DirectXRenderingManager.cpp">
      <Filter>源文件</Filter>
    </ClCompile>
    <ClCompile Include="Rendering\PipeView.cpp">
      <Filter>源文件</Filter>
    </ClCompile>
    <ClCompile Include="Utils\Math\MathHelper.cpp">
      <Filter>源文件</Filter>
    </ClCompile>
    <ClCompile Include="Logic\LogicAdapter.cpp">
      <Filter>源文件</Filter>
    </ClCompile>
    <ClCompile Include="Resources\Geometry\GeometryGenerator.cpp">
      <Filter>源文件</Filter>
    </ClCompile>
    <ClCompile Include="Logic\LogicData.cpp">
      <Filter>源文件</Filter>
    </ClCompile>
    <ClCompile Include="Engine\Engine.cpp">
      <Filter>源文件</Filter>
    </ClCompile>
    <ClCompile Include="Engine\Gameplay\Actor.cpp">
      <Filter>源文件</Filter>
    </ClCompile>
    <ClCompile Include="Engine\Gameplay\Level.cpp">
      <Filter>源文件</Filter>
    </ClCompile>
    <ClCompile Include="Engine\Gameplay\Components\StaticMeshComponent.cpp">
      <Filter>源文件</Filter>
    </ClCompile>
    <ClCompile Include="Engine\Gameplay\Components\DynamicMeshComponent.cpp">
      <Filter>源文件</Filter>
    </ClCompile>
    <ClCompile Include="Engine\Gameplay\Components\ActorComponent.cpp">
      <Filter>源文件</Filter>
    </ClCompile>
    <ClCompile Include="Source\MyActor.cpp">
      <Filter>源文件</Filter>
    </ClCompile>
    <ClCompile Include="Engine\Gameplay\Components\Component.cpp">
      <Filter>源文件</Filter>
    </ClCompile>
    <ClCompile Include="Engine\Gameplay\Planet.cpp">
      <Filter>源文件</Filter>
    </ClCompile>
    <ClCompile Include="Engine\Gameplay\Components\CameraComponent.cpp">
      <Filter>源文件</Filter>
    </ClCompile>
    <ClCompile Include="Engine\Gameplay\Camera.cpp">
      <Filter>源文件</Filter>
    </ClCompile>
    <ClCompile Include="Engine\Gameplay\Components\EventComponent.cpp">
      <Filter>源文件</Filter>
    </ClCompile>
    <ClCompile Include="Core\MessageProc.cpp">
      <Filter>源文件</Filter>
    </ClCompile>
    <ClCompile Include="Source\Cha.cpp">
      <Filter>源文件</Filter>
    </ClCompile>
    <ClCompile Include="Rendering\DirectX\DirectXDeferredPipe.cpp">
      <Filter>源文件</Filter>
    </ClCompile>
    <ClCompile Include="Source\PlaneActor.cpp">
      <Filter>源文件</Filter>
    </ClCompile>
    <ClCompile Include="Rendering\MaterialData.cpp">
      <Filter>源文件</Filter>
    </ClCompile>
    <ClCompile Include="Utils\Common\DDSTextureLoader.cpp">
      <Filter>源文件</Filter>
    </ClCompile>
    <ClCompile Include="Utils\Common\UtilBasic.cpp">
      <Filter>源文件</Filter>
    </ClCompile>
    <ClCompile Include="Utils\Voxel\MarchingCubeLT.cpp">
      <Filter>源文件</Filter>
    </ClCompile>
    <ClCompile Include="Utils\Noise\PerlinNoise.cpp">
      <Filter>源文件</Filter>
    </ClCompile>
    <ClCompile Include="Rendering\RenderData\MeshData.cpp">
      <Filter>源文件</Filter>
    </ClCompile>
    <ClCompile Include="Rendering\RenderData\VoxelData.cpp">
      <Filter>源文件</Filter>
    </ClCompile>
    <ClCompile Include="Rendering\RenderData\RenderDataBase.cpp">
      <Filter>源文件</Filter>
    </ClCompile>
    <ClCompile Include="Engine\Gameplay\Components\VoxelComponent.cpp">
      <Filter>源文件</Filter>
    </ClCompile>
    <ClCompile Include="Utils\Noise\OtherNoise.cpp">
      <Filter>源文件</Filter>
    </ClCompile>
    <ClCompile Include="Source\Sphere.cpp">
      <Filter>源文件</Filter>
    </ClCompile>
    <ClCompile Include="Rendering\RenderData\DynamicMeshData.cpp">
      <Filter>源文件</Filter>
    </ClCompile>
    <ClCompile Include="Rendering\RenderData\DynamicVoxelData.cpp">
      <Filter>源文件</Filter>
    </ClCompile>
    <ClCompile Include="Utils\Loader\ObjMeshLoader.cpp">
      <Filter>源文件</Filter>
    </ClCompile>
    <ClCompile Include="Source\LoadTestAct.cpp">
      <Filter>源文件</Filter>
    </ClCompile>
    <ClCompile Include="Rendering\CubeMapSource.cpp">
      <Filter>源文件</Filter>
    </ClCompile>
    <ClCompile Include="Rendering\PlatformDependenceRenderResource.cpp">
      <Filter>源文件</Filter>
    </ClCompile>
    <ClCompile Include="Rendering\LightData\LightBase.cpp">
      <Filter>源文件</Filter>
    </ClCompile>
    <ClCompile Include="Rendering\LightData\DirectionLightData.cpp">
      <Filter>源文件</Filter>
    </ClCompile>
    <ClCompile Include="Utils\Math\MathDef.cpp">
      <Filter>源文件</Filter>
    </ClCompile>
    <ClCompile Include="Engine\Gameplay\Components\LightComponent.cpp">
      <Filter>源文件</Filter>
    </ClCompile>
    <ClCompile Include="Engine\Gameplay\Components\DirectionalLightComponent.cpp">
      <Filter>源文件</Filter>
    </ClCompile>
    <ClCompile Include="Rendering\RenderingPipe.cpp">
      <Filter>源文件</Filter>
    </ClCompile>
    <ClCompile Include="Source\MotherSun.cpp">
      <Filter>源文件</Filter>
    </ClCompile>
    <ClCompile Include="Source\Plane.cpp">
      <Filter>源文件</Filter>
    </ClCompile>
    <ClCompile Include="Source\FakePhysicBall.cpp">
      <Filter>源文件</Filter>
    </ClCompile>
    <ClCompile Include="Rendering\RenderingManager.cpp">
      <Filter>源文件</Filter>
    </ClCompile>
    <ClCompile Include="Utils\Loader\FbxMeshLoader.cpp">
      <Filter>源文件</Filter>
    </ClCompile>
    <ClCompile Include="Rendering\ShaderManager.cpp">
      <Filter>源文件</Filter>
    </ClCompile>
    <ClCompile Include="Rendering\ShaderInstance.cpp">
      <Filter>源文件</Filter>
    </ClCompile>
    <ClCompile Include="Rendering\DirectX\DirectXShaderInstance.cpp">
      <Filter>源文件</Filter>
    </ClCompile>
  </ItemGroup>
  <ItemGroup>
    <ClInclude Include="Core\EngineCore.h">
      <Filter>头文件</Filter>
    </ClInclude>
    <ClInclude Include="Core\Timer.h">
      <Filter>头文件</Filter>
    </ClInclude>
    <ClInclude Include="Utils\Common\UtilBasic.h">
      <Filter>头文件</Filter>
    </ClInclude>
    <ClInclude Include="Platform\PlatformMsgHandle.h">
      <Filter>头文件</Filter>
    </ClInclude>
    <ClInclude Include="Platform\Windows\WindowsMessageHandle.h">
      <Filter>头文件</Filter>
    </ClInclude>
    <ClInclude Include="Platform\PlatformMessage.h">
      <Filter>头文件</Filter>
    </ClInclude>
    <ClInclude Include="Platform\PlatformWindowHandle.h">
      <Filter>头文件</Filter>
    </ClInclude>
    <ClInclude Include="Platform\PlatformWindow.h">
      <Filter>头文件</Filter>
    </ClInclude>
    <ClInclude Include="Platform\Windows\WindowsWindowHandle.h">
      <Filter>头文件</Filter>
    </ClInclude>
    <ClInclude Include="Platform\PlatformConfig.h">
      <Filter>头文件</Filter>
    </ClInclude>
    <ClInclude Include="Platform\Platform.h">
      <Filter>头文件</Filter>
    </ClInclude>
    <ClInclude Include="Platform\Message.h">
      <Filter>头文件</Filter>
    </ClInclude>
    <ClInclude Include="Rendering\RenderingAdapter.h">
      <Filter>头文件</Filter>
    </ClInclude>
    <ClInclude Include="Rendering\RenderingManager.h">
      <Filter>头文件</Filter>
    </ClInclude>
    <ClInclude Include="Rendering\RenderingPipe.h">
      <Filter>头文件</Filter>
    </ClInclude>
    <ClInclude Include="Rendering\DirectX\DirectXRenderingManager.h">
      <Filter>头文件</Filter>
    </ClInclude>
    <ClInclude Include="Utils\Common\d3dx11effect.h">
      <Filter>头文件</Filter>
    </ClInclude>
    <ClInclude Include="Rendering\PlatformDependenceRenderResource.h">
      <Filter>头文件</Filter>
    </ClInclude>
    <ClInclude Include="Rendering\DirectX\FXHelper.h">
      <Filter>头文件</Filter>
    </ClInclude>
    <ClInclude Include="Rendering\DirectX\RenderingDef.h">
      <Filter>头文件</Filter>
    </ClInclude>
    <ClInclude Include="Rendering\PDRenderingDef.h">
      <Filter>头文件</Filter>
    </ClInclude>
    <ClInclude Include="Rendering\PipeView.h">
      <Filter>头文件</Filter>
    </ClInclude>
    <ClInclude Include="Utils\Math\MathHelper.h">
      <Filter>头文件</Filter>
    </ClInclude>
    <ClInclude Include="Rendering\LightingGroup.h">
      <Filter>头文件</Filter>
    </ClInclude>
    <ClInclude Include="Logic\LogicAdapter.h">
      <Filter>头文件</Filter>
    </ClInclude>
    <ClInclude Include="Resources\Geometry\GeometryGenerator.h">
      <Filter>头文件</Filter>
    </ClInclude>
    <ClInclude Include="Logic\LogicData.h">
      <Filter>头文件</Filter>
    </ClInclude>
    <ClInclude Include="Engine\Engine.h">
      <Filter>头文件</Filter>
    </ClInclude>
    <ClInclude Include="Engine\Gameplay\Actor.h">
      <Filter>头文件</Filter>
    </ClInclude>
    <ClInclude Include="Engine\Gameplay\Level.h">
      <Filter>头文件</Filter>
    </ClInclude>
    <ClInclude Include="Engine\Gameplay\Components\StaticMeshComponent.h">
      <Filter>头文件</Filter>
    </ClInclude>
    <ClInclude Include="Engine\Gameplay\Components\DynamicMeshComponent.h">
      <Filter>头文件</Filter>
    </ClInclude>
    <ClInclude Include="Engine\Gameplay\Components\Component.h">
      <Filter>头文件</Filter>
    </ClInclude>
    <ClInclude Include="Engine\Gameplay\Components\ActorComponent.h">
      <Filter>头文件</Filter>
    </ClInclude>
    <ClInclude Include="Source\MyActor.h">
      <Filter>头文件</Filter>
    </ClInclude>
    <ClInclude Include="Rendering\RenderPipeType.h">
      <Filter>头文件</Filter>
    </ClInclude>
    <ClInclude Include="Engine\Gameplay\Planet.h">
      <Filter>头文件</Filter>
    </ClInclude>
    <ClInclude Include="Engine\Gameplay\Components\CameraComponent.h">
      <Filter>头文件</Filter>
    </ClInclude>
    <ClInclude Include="Core\SphereSpace.h">
      <Filter>头文件</Filter>
    </ClInclude>
    <ClInclude Include="Core\VectorSpace.h">
      <Filter>头文件</Filter>
    </ClInclude>
    <ClInclude Include="Utils\Math\MathDef.h">
      <Filter>头文件</Filter>
    </ClInclude>
    <ClInclude Include="Core\BasicSpace.h">
      <Filter>头文件</Filter>
    </ClInclude>
    <ClInclude Include="Engine\Gameplay\Camera.h">
      <Filter>头文件</Filter>
    </ClInclude>
    <ClInclude Include="Engine\Gameplay\Components\EventComponent.h">
      <Filter>头文件</Filter>
    </ClInclude>
    <ClInclude Include="Core\MessagePriority.h">
      <Filter>头文件</Filter>
    </ClInclude>
    <ClInclude Include="Core\MessageProc.h">
      <Filter>头文件</Filter>
    </ClInclude>
    <ClInclude Include="Source\Cha.h">
      <Filter>头文件</Filter>
    </ClInclude>
    <ClInclude Include="Rendering\DirectX\DirectXDeferredPipe.h">
      <Filter>头文件</Filter>
    </ClInclude>
    <ClInclude Include="Utils\Common\DirectXTex.h">
      <Filter>头文件</Filter>
    </ClInclude>
    <ClInclude Include="Resources\Geometry\Geometry.h">
      <Filter>头文件</Filter>
    </ClInclude>
    <ClInclude Include="Resources\Geometry\VertexTypes.h">
      <Filter>头文件</Filter>
    </ClInclude>
    <ClInclude Include="Source\PlaneActor.h">
      <Filter>头文件</Filter>
    </ClInclude>
    <ClInclude Include="Rendering\MaterialData.h">
      <Filter>头文件</Filter>
    </ClInclude>
    <ClInclude Include="Utils\Common\DDSTextureLoader.h">
      <Filter>头文件</Filter>
    </ClInclude>
    <ClInclude Include="ThirdParty\rapidxml\rapidxml.hpp">
      <Filter>头文件</Filter>
    </ClInclude>
    <ClInclude Include="ThirdParty\rapidxml\rapidxml_iterators.hpp">
      <Filter>头文件</Filter>
    </ClInclude>
    <ClInclude Include="ThirdParty\rapidxml\rapidxml_print.hpp">
      <Filter>头文件</Filter>
    </ClInclude>
    <ClInclude Include="ThirdParty\rapidxml\rapidxml_utils.hpp">
      <Filter>头文件</Filter>
    </ClInclude>
    <ClInclude Include="Utils\Voxel\MarchingCubeLT.h">
      <Filter>头文件</Filter>
    </ClInclude>
    <ClInclude Include="Utils\Noise\PerlinNoise.h">
      <Filter>头文件</Filter>
    </ClInclude>
    <ClInclude Include="Rendering\RenderData\MeshData.h">
      <Filter>头文件</Filter>
    </ClInclude>
    <ClInclude Include="Rendering\RenderData\VoxelData.h">
      <Filter>头文件</Filter>
    </ClInclude>
    <ClInclude Include="Rendering\RenderData\RenderDataBase.h">
      <Filter>头文件</Filter>
    </ClInclude>
    <ClInclude Include="Engine\Gameplay\Components\VoxelComponent.h">
      <Filter>头文件</Filter>
    </ClInclude>
    <ClInclude Include="Utils\Noise\OtherNoise.h">
      <Filter>头文件</Filter>
    </ClInclude>
    <ClInclude Include="Source\Sphere.h">
      <Filter>头文件</Filter>
    </ClInclude>
    <ClInclude Include="Rendering\RenderData\DynamicMeshData.h">
      <Filter>头文件</Filter>
    </ClInclude>
    <ClInclude Include="Rendering\RenderData\DynamicVoxelData.h">
      <Filter>头文件</Filter>
    </ClInclude>
    <ClInclude Include="Utils\Loader\ObjMeshLoader.h">
      <Filter>头文件</Filter>
    </ClInclude>
    <ClInclude Include="Source\LoadTestAct.h">
      <Filter>头文件</Filter>
    </ClInclude>
    <ClInclude Include="Rendering\CubeMapSource.h">
      <Filter>头文件</Filter>
    </ClInclude>
    <ClInclude Include="Rendering\LightData\LightBase.h">
      <Filter>头文件</Filter>
    </ClInclude>
    <ClInclude Include="Rendering\LightData\DirectionLightData.h">
      <Filter>头文件</Filter>
    </ClInclude>
    <ClInclude Include="Engine\Gameplay\Components\LightComponent.h">
      <Filter>头文件</Filter>
    </ClInclude>
    <ClInclude Include="Engine\Gameplay\Components\DirectionalLightComponent.h">
      <Filter>头文件</Filter>
    </ClInclude>
    <ClInclude Include="Source\MotherSun.h">
      <Filter>头文件</Filter>
    </ClInclude>
    <ClInclude Include="Source\Plane.h">
      <Filter>头文件</Filter>
    </ClInclude>
    <ClInclude Include="Source\FakePhysicBall.h">
      <Filter>头文件</Filter>
    </ClInclude>
    <ClInclude Include="Utils\Loader\FbxMeshLoader.h">
      <Filter>头文件</Filter>
    </ClInclude>
    <ClInclude Include="Utils\Common\Model.h">
      <Filter>头文件</Filter>
    </ClInclude>
    <ClInclude Include="Rendering\ShaderManager.h">
      <Filter>头文件</Filter>
    </ClInclude>
    <ClInclude Include="Rendering\ShaderInstance.h">
      <Filter>头文件</Filter>
    </ClInclude>
    <ClInclude Include="Rendering\DirectX\DirectXShaderInstance.h">
      <Filter>头文件</Filter>
    </ClInclude>
  </ItemGroup>
  <ItemGroup>
    <CustomBuild Include="Rendering\DirectX\FX\deferred.fx" />
    <CustomBuild Include="Rendering\DirectX\FX\basic.fx" />
    <CustomBuild Include="Rendering\DirectX\FX\directLighting.fx" />
  </ItemGroup>
  <ItemGroup>
    <Library Include="DirectXTex.lib" />
    <Library Include="DirectXTK.lib" />
    <Library Include="Effects11.lib" />
    <Library Include="Effects11d.lib" />
    <Library Include="DirectXTKd.lib" />
  </ItemGroup>
  <ItemGroup>
    <None Include="Utils\Common\DirectXTex.inl">
      <Filter>头文件</Filter>
    </None>
    <None Include="Resources\Geometry\TeapotData.inc">
      <Filter>头文件</Filter>
    </None>
    <None Include="Config\ShaderManager.cfg" />
  </ItemGroup>
</Project>